lockfileVersion: '6.0'

settings:
  autoInstallPeers: true
  excludeLinksFromLockfile: false

dependencies:
  '@notionhq/client':
    specifier: ^2.2.15
    version: 2.2.15

devDependencies:
  '@rollup/plugin-node-resolve':
    specifier: ^15.2.3
    version: 15.2.3(rollup@4.18.1)
  rollup:
    specifier: ^4.18.1
    version: 4.18.1

packages:

  /@notionhq/client@2.2.15:
    resolution: {integrity: sha512-XhdSY/4B1D34tSco/GION+23GMjaS9S2zszcqYkMHo8RcWInymF6L1x+Gk7EmHdrSxNFva2WM8orhC4BwQCwgw==}
    engines: {node: '>=12'}
    dependencies:
      '@types/node-fetch': 2.6.11
      node-fetch: 2.7.0
    transitivePeerDependencies:
      - encoding
    dev: false

  /@rollup/plugin-node-resolve@15.2.3(rollup@4.18.1):
    resolution: {integrity: sha512-j/lym8nf5E21LwBT4Df1VD6hRO2L2iwUeUmP7litikRsVp1H6NWx20NEp0Y7su+7XGc476GnXXc4kFeZNGmaSQ==}
    engines: {node: '>=14.0.0'}
    peerDependencies:
      rollup: ^2.78.0||^3.0.0||^4.0.0
    peerDependenciesMeta:
      rollup:
        optional: true
    dependencies:
      '@rollup/pluginutils': 5.1.0(rollup@4.18.1)
      '@types/resolve': 1.20.2
      deepmerge: 4.3.1
      is-builtin-module: 3.2.1
      is-module: 1.0.0
      resolve: 1.22.8
      rollup: 4.18.1
    dev: true

  /@rollup/pluginutils@5.1.0(rollup@4.18.1):
    resolution: {integrity: sha512-XTIWOPPcpvyKI6L1NHo0lFlCyznUEyPmPY1mc3KpPVDYulHSTvyeLNVW00QTLIAFNhR3kYnJTQHeGqU4M3n09g==}
    engines: {node: '>=14.0.0'}
    peerDependencies:
      rollup: ^1.20.0||^2.0.0||^3.0.0||^4.0.0
    peerDependenciesMeta:
      rollup:
        optional: true
    dependencies:
      '@types/estree': 1.0.5
      estree-walker: 2.0.2
      picomatch: 2.3.1
      rollup: 4.18.1
    dev: true

  /@rollup/rollup-android-arm-eabi@4.18.1:
    resolution: {integrity: sha512-lncuC4aHicncmbORnx+dUaAgzee9cm/PbIqgWz1PpXuwc+sa1Ct83tnqUDy/GFKleLiN7ZIeytM6KJ4cAn1SxA==}
    cpu: [arm]
    os: [android]
    requiresBuild: true
    dev: true
    optional: true

  /@rollup/rollup-android-arm64@4.18.1:
    resolution: {integrity: sha512-F/tkdw0WSs4ojqz5Ovrw5r9odqzFjb5LIgHdHZG65dFI1lWTWRVy32KDJLKRISHgJvqUeUhdIvy43fX41znyDg==}
    cpu: [arm64]
    os: [android]
    requiresBuild: true
    dev: true
    optional: true

  /@rollup/rollup-darwin-arm64@4.18.1:
    resolution: {integrity: sha512-vk+ma8iC1ebje/ahpxpnrfVQJibTMyHdWpOGZ3JpQ7Mgn/3QNHmPq7YwjZbIE7km73dH5M1e6MRRsnEBW7v5CQ==}
    cpu: [arm64]
    os: [darwin]
    requiresBuild: true
    dev: true
    optional: true

  /@rollup/rollup-darwin-x64@4.18.1:
    resolution: {integrity: sha512-IgpzXKauRe1Tafcej9STjSSuG0Ghu/xGYH+qG6JwsAUxXrnkvNHcq/NL6nz1+jzvWAnQkuAJ4uIwGB48K9OCGA==}
    cpu: [x64]
    os: [darwin]
    requiresBuild: true
    dev: true
    optional: true

  /@rollup/rollup-linux-arm-gnueabihf@4.18.1:
    resolution: {integrity: sha512-P9bSiAUnSSM7EmyRK+e5wgpqai86QOSv8BwvkGjLwYuOpaeomiZWifEos517CwbG+aZl1T4clSE1YqqH2JRs+g==}
    cpu: [arm]
    os: [linux]
    libc: [glibc]
    requiresBuild: true
    dev: true
    optional: true

  /@rollup/rollup-linux-arm-musleabihf@4.18.1:
    resolution: {integrity: sha512-5RnjpACoxtS+aWOI1dURKno11d7krfpGDEn19jI8BuWmSBbUC4ytIADfROM1FZrFhQPSoP+KEa3NlEScznBTyQ==}
    cpu: [arm]
    os: [linux]
    libc: [musl]
    requiresBuild: true
    dev: true
    optional: true

  /@rollup/rollup-linux-arm64-gnu@4.18.1:
    resolution: {integrity: sha512-8mwmGD668m8WaGbthrEYZ9CBmPug2QPGWxhJxh/vCgBjro5o96gL04WLlg5BA233OCWLqERy4YUzX3bJGXaJgQ==}
    cpu: [arm64]
    os: [linux]
    libc: [glibc]
    requiresBuild: true
    dev: true
    optional: true

  /@rollup/rollup-linux-arm64-musl@4.18.1:
    resolution: {integrity: sha512-dJX9u4r4bqInMGOAQoGYdwDP8lQiisWb9et+T84l2WXk41yEej8v2iGKodmdKimT8cTAYt0jFb+UEBxnPkbXEQ==}
    cpu: [arm64]
    os: [linux]
    libc: [musl]
    requiresBuild: true
    dev: true
    optional: true

  /@rollup/rollup-linux-powerpc64le-gnu@4.18.1:
    resolution: {integrity: sha512-V72cXdTl4EI0x6FNmho4D502sy7ed+LuVW6Ym8aI6DRQ9hQZdp5sj0a2usYOlqvFBNKQnLQGwmYnujo2HvjCxQ==}
    cpu: [ppc64]
    os: [linux]
    libc: [glibc]
    requiresBuild: true
    dev: true
    optional: true

  /@rollup/rollup-linux-riscv64-gnu@4.18.1:
    resolution: {integrity: sha512-f+pJih7sxoKmbjghrM2RkWo2WHUW8UbfxIQiWo5yeCaCM0TveMEuAzKJte4QskBp1TIinpnRcxkquY+4WuY/tg==}
    cpu: [riscv64]
    os: [linux]
    libc: [glibc]
    requiresBuild: true
    dev: true
    optional: true

  /@rollup/rollup-linux-s390x-gnu@4.18.1:
    resolution: {integrity: sha512-qb1hMMT3Fr/Qz1OKovCuUM11MUNLUuHeBC2DPPAWUYYUAOFWaxInaTwTQmc7Fl5La7DShTEpmYwgdt2hG+4TEg==}
    cpu: [s390x]
    os: [linux]
    libc: [glibc]
    requiresBuild: true
    dev: true
    optional: true

  /@rollup/rollup-linux-x64-gnu@4.18.1:
    resolution: {integrity: sha512-7O5u/p6oKUFYjRbZkL2FLbwsyoJAjyeXHCU3O4ndvzg2OFO2GinFPSJFGbiwFDaCFc+k7gs9CF243PwdPQFh5g==}
    cpu: [x64]
    os: [linux]
    libc: [glibc]
    requiresBuild: true
    dev: true
    optional: true

  /@rollup/rollup-linux-x64-musl@4.18.1:
    resolution: {integrity: sha512-pDLkYITdYrH/9Cv/Vlj8HppDuLMDUBmgsM0+N+xLtFd18aXgM9Nyqupb/Uw+HeidhfYg2lD6CXvz6CjoVOaKjQ==}
    cpu: [x64]
    os: [linux]
    libc: [musl]
    requiresBuild: true
    dev: true
    optional: true

  /@rollup/rollup-win32-arm64-msvc@4.18.1:
    resolution: {integrity: sha512-W2ZNI323O/8pJdBGil1oCauuCzmVd9lDmWBBqxYZcOqWD6aWqJtVBQ1dFrF4dYpZPks6F+xCZHfzG5hYlSHZ6g==}
    cpu: [arm64]
    os: [win32]
    requiresBuild: true
    dev: true
    optional: true

  /@rollup/rollup-win32-ia32-msvc@4.18.1:
    resolution: {integrity: sha512-ELfEX1/+eGZYMaCIbK4jqLxO1gyTSOIlZr6pbC4SRYFaSIDVKOnZNMdoZ+ON0mrFDp4+H5MhwNC1H/AhE3zQLg==}
    cpu: [ia32]
    os: [win32]
    requiresBuild: true
    dev: true
    optional: true

  /@rollup/rollup-win32-x64-msvc@4.18.1:
    resolution: {integrity: sha512-yjk2MAkQmoaPYCSu35RLJ62+dz358nE83VfTePJRp8CG7aMg25mEJYpXFiD+NcevhX8LxD5OP5tktPXnXN7GDw==}
    cpu: [x64]
    os: [win32]
    requiresBuild: true
    dev: true
    optional: true

  /@types/estree@1.0.5:
    resolution: {integrity: sha512-/kYRxGDLWzHOB7q+wtSUQlFrtcdUccpfy+X+9iMBpHK8QLLhx2wIPYuS5DYtR9Wa/YlZAbIovy7qVdB1Aq6Lyw==}
    dev: true

  /@types/node-fetch@2.6.11:
    resolution: {integrity: sha512-24xFj9R5+rfQJLRyM56qh+wnVSYhyXC2tkoBndtY0U+vubqNsYXGjufB2nn8Q6gt0LrARwL6UBtMCSVCwl4B1g==}
    dependencies:
      '@types/node': 20.14.10
      form-data: 4.0.0
    dev: false

  /@types/node@20.14.10:
    resolution: {integrity: sha512-MdiXf+nDuMvY0gJKxyfZ7/6UFsETO7mGKF54MVD/ekJS6HdFtpZFBgrh6Pseu64XTb2MLyFPlbW6hj8HYRQNOQ==}
    dependencies:
      undici-types: 5.26.5
    dev: false

  /@types/resolve@1.20.2:
    resolution: {integrity: sha512-60BCwRFOZCQhDncwQdxxeOEEkbc5dIMccYLwbxsS4TUNeVECQ/pBJ0j09mrHOl/JJvpRPGwO9SvE4nR2Nb/a4Q==}
    dev: true

  /asynckit@0.4.0:
    resolution: {integrity: sha512-Oei9OH4tRh0YqU3GxhX79dM/mwVgvbZJaSNaRk+bshkj0S5cfHcgYakreBjrHwatXKbz+IoIdYLxrKim2MjW0Q==}
    dev: false

  /builtin-modules@3.3.0:
    resolution: {integrity: sha512-zhaCDicdLuWN5UbN5IMnFqNMhNfo919sH85y2/ea+5Yg9TsTkeZxpL+JLbp6cgYFS4sRLp3YV4S6yDuqVWHYOw==}
    engines: {node: '>=6'}
    dev: true

  /combined-stream@1.0.8:
    resolution: {integrity: sha512-FQN4MRfuJeHf7cBbBMJFXhKSDq+2kAArBlmRBvcvFE5BB1HZKXtSFASDhdlz9zOYwxh8lDdnvmMOe/+5cdoEdg==}
    engines: {node: '>= 0.8'}
    dependencies:
      delayed-stream: 1.0.0
    dev: false

  /deepmerge@4.3.1:
    resolution: {integrity: sha512-3sUqbMEc77XqpdNO7FRyRog+eW3ph+GYCbj+rK+uYyRMuwsVy0rMiVtPn+QJlKFvWP/1PYpapqYn0Me2knFn+A==}
    engines: {node: '>=0.10.0'}
    dev: true

  /delayed-stream@1.0.0:
    resolution: {integrity: sha512-ZySD7Nf91aLB0RxL4KGrKHBXl7Eds1DAmEdcoVawXnLD7SDhpNgtuII2aAkg7a7QS41jxPSZ17p4VdGnMHk3MQ==}
    engines: {node: '>=0.4.0'}
    dev: false

  /estree-walker@2.0.2:
    resolution: {integrity: sha512-Rfkk/Mp/DL7JVje3u18FxFujQlTNR2q6QfMSMB7AvCBx91NGj/ba3kCfza0f6dVDbw7YlRf/nDrn7pQrCCyQ/w==}
    dev: true

  /form-data@4.0.0:
    resolution: {integrity: sha512-ETEklSGi5t0QMZuiXoA/Q6vcnxcLQP5vdugSpuAyi6SVGi2clPPp+xgEhuMaHC+zGgn31Kd235W35f7Hykkaww==}
    engines: {node: '>= 6'}
    dependencies:
      asynckit: 0.4.0
      combined-stream: 1.0.8
      mime-types: 2.1.35
    dev: false

  /fsevents@2.3.3:
    resolution: {integrity: sha512-5xoDfX+fL7faATnagmWPpbFtwh/R77WmMMqqHGS65C3vvB0YHrgF+B1YmZ3441tMj5n63k0212XNoJwzlhffQw==}
    engines: {node: ^8.16.0 || ^10.6.0 || >=11.0.0}
    os: [darwin]
    requiresBuild: true
    dev: true
    optional: true

  /function-bind@1.1.2:
    resolution: {integrity: sha512-7XHNxH7qX9xG5mIwxkhumTox/MIRNcOgDrxWsMt2pAr23WHp6MrRlN7FBSFpCpr+oVO0F744iUgR82nJMfG2SA==}
    dev: true

  /hasown@2.0.2:
    resolution: {integrity: sha512-0hJU9SCPvmMzIBdZFqNPXWa6dqh7WdH0cII9y+CyS8rG3nL48Bclra9HmKhVVUHyPWNH5Y7xDwAB7bfgSjkUMQ==}
    engines: {node: '>= 0.4'}
    dependencies:
      function-bind: 1.1.2
    dev: true

  /is-builtin-module@3.2.1:
    resolution: {integrity: sha512-BSLE3HnV2syZ0FK0iMA/yUGplUeMmNz4AW5fnTunbCIqZi4vG3WjJT9FHMy5D69xmAYBHXQhJdALdpwVxV501A==}
    engines: {node: '>=6'}
    dependencies:
      builtin-modules: 3.3.0
    dev: true

  /is-core-module@2.14.0:
    resolution: {integrity: sha512-a5dFJih5ZLYlRtDc0dZWP7RiKr6xIKzmn/oAYCDvdLThadVgyJwlaoQPmRtMSpz+rk0OGAgIu+TcM9HUF0fk1A==}
    engines: {node: '>= 0.4'}
    dependencies:
      hasown: 2.0.2
    dev: true

  /is-module@1.0.0:
    resolution: {integrity: sha512-51ypPSPCoTEIN9dy5Oy+h4pShgJmPCygKfyRCISBI+JoWT/2oJvK8QPxmwv7b/p239jXrm9M1mlQbyKJ5A152g==}
    dev: true

  /mime-db@1.52.0:
    resolution: {integrity: sha512-sPU4uV7dYlvtWJxwwxHD0PuihVNiE7TyAbQ5SWxDCB9mUYvOgroQOwYQQOKPJ8CIbE+1ETVlOoK1UC2nU3gYvg==}
    engines: {node: '>= 0.6'}
    dev: false

  /mime-types@2.1.35:
    resolution: {integrity: sha512-ZDY+bPm5zTTF+YpCrAU9nK0UgICYPT0QtT1NZWFv4s++TNkcgVaT0g6+4R2uI4MjQjzysHB1zxuWL50hzaeXiw==}
    engines: {node: '>= 0.6'}
    dependencies:
      mime-db: 1.52.0
    dev: false

  /node-fetch@2.7.0:
    resolution: {integrity: sha512-c4FRfUm/dbcWZ7U+1Wq0AwCyFL+3nt2bEw05wfxSz+DWpWsitgmSgYmy2dQdWyKC1694ELPqMs/YzUSNozLt8A==}
    engines: {node: 4.x || >=6.0.0}
    peerDependencies:
      encoding: ^0.1.0
    peerDependenciesMeta:
      encoding:
        optional: true
    dependencies:
      whatwg-url: 5.0.0
    dev: false

  /path-parse@1.0.7:
    resolution: {integrity: sha512-LDJzPVEEEPR+y48z93A0Ed0yXb8pAByGWo/k5YYdYgpY2/2EsOsksJrq7lOHxryrVOn1ejG6oAp8ahvOIQD8sw==}
    dev: true

  /picomatch@2.3.1:
    resolution: {integrity: sha512-JU3teHTNjmE2VCGFzuY8EXzCDVwEqB2a8fsIvwaStHhAWJEeVd1o1QD80CU6+ZdEXXSLbSsuLwJjkCBWqRQUVA==}
    engines: {node: '>=8.6'}
    dev: true

  /resolve@1.22.8:
    resolution: {integrity: sha512-oKWePCxqpd6FlLvGV1VU0x7bkPmmCNolxzjMf4NczoDnQcIWrAF+cPtZn5i6n+RfD2d9i0tzpKnG6Yk168yIyw==}
    hasBin: true
    dependencies:
      is-core-module: 2.14.0
      path-parse: 1.0.7
      supports-preserve-symlinks-flag: 1.0.0
    dev: true

  /rollup@4.18.1:
    resolution: {integrity: sha512-Elx2UT8lzxxOXMpy5HWQGZqkrQOtrVDDa/bm9l10+U4rQnVzbL/LgZ4NOM1MPIDyHk69W4InuYDF5dzRh4Kw1A==}
    engines: {node: '>=18.0.0', npm: '>=8.0.0'}
    hasBin: true
    dependencies:
      '@types/estree': 1.0.5
    optionalDependencies:
      '@rollup/rollup-android-arm-eabi': 4.18.1
      '@rollup/rollup-android-arm64': 4.18.1
      '@rollup/rollup-darwin-arm64': 4.18.1
      '@rollup/rollup-darwin-x64': 4.18.1
      '@rollup/rollup-linux-arm-gnueabihf': 4.18.1
      '@rollup/rollup-linux-arm-musleabihf': 4.18.1
      '@rollup/rollup-linux-arm64-gnu': 4.18.1
      '@rollup/rollup-linux-arm64-musl': 4.18.1
      '@rollup/rollup-linux-powerpc64le-gnu': 4.18.1
      '@rollup/rollup-linux-riscv64-gnu': 4.18.1
      '@rollup/rollup-linux-s390x-gnu': 4.18.1
      '@rollup/rollup-linux-x64-gnu': 4.18.1
      '@rollup/rollup-linux-x64-musl': 4.18.1
      '@rollup/rollup-win32-arm64-msvc': 4.18.1
      '@rollup/rollup-win32-ia32-msvc': 4.18.1
      '@rollup/rollup-win32-x64-msvc': 4.18.1
      fsevents: 2.3.3
    dev: true

  /supports-preserve-symlinks-flag@1.0.0:
    resolution: {integrity: sha512-ot0WnXS9fgdkgIcePe6RHNk1WA8+muPa6cSjeR3V8K27q9BB1rTE3R1p7Hv0z1ZyAc8s6Vvv8DIyWf681MAt0w==}
    engines: {node: '>= 0.4'}
    dev: true

  /tr46@0.0.3:
    resolution: {integrity: sha512-N3WMsuqV66lT30CrXNbEjx4GEwlow3v6rr4mCcv6prnfwhS01rkgyFdjPNBYd9br7LpXV1+Emh01fHnq2Gdgrw==}
    dev: false

  /undici-types@5.26.5:
    resolution: {integrity: sha512-JlCMO+ehdEIKqlFxk6IfVoAUVmgz7cU7zD/h9XZ0qzeosSHmUJVOzSQvvYSYWXkFXC+IfLKSIffhv0sVZup6pA==}
    dev: false

  /webidl-conversions@3.0.1:
    resolution: {integrity: sha512-2JAn3z8AR6rjK8Sm8orRC0h/bcl/DqL7tRPdGZ4I1CjdF+EaMLmYxBHyXuKL849eucPFhvBoxMsflfOb8kxaeQ==}
    dev: false

  /whatwg-url@5.0.0:
    resolution: {integrity: sha512-saE57nupxk6v3HY35+jzBwYa0rKSy0XR8JSxZPwgLr7ys0IBzhGviA1/TUGJLmSVqs8pb9AnvICXEuOHLprYTw==}
    dependencies:
      tr46: 0.0.3
      webidl-conversions: 3.0.1
    dev: false
